// !$*UTF8*$!
{
	archiveVersion = 1;
	classes = {
	};
	objectVersion = 46;
	objects = {

/* Begin PBXBuildFile section */
		30A291DD1CAC981E00F3612E /* RPCDemo.swift in Sources */ = {isa = PBXBuildFile; fileRef = 30A291DC1CAC981E00F3612E /* RPCDemo.swift */; };
		30A291DF1CAC982900F3612E /* Demo.swift in Sources */ = {isa = PBXBuildFile; fileRef = 30A291DE1CAC982900F3612E /* Demo.swift */; };
		30A291E11CAC996F00F3612E /* GoogleSignInDemo.swift in Sources */ = {isa = PBXBuildFile; fileRef = 30A291E01CAC996F00F3612E /* GoogleSignInDemo.swift */; };
		30A291F11CACB0F000F3612E /* AddressBook.framework in Frameworks */ = {isa = PBXBuildFile; fileRef = 30A291F01CACB0F000F3612E /* AddressBook.framework */; };
		30A291F31CACB0F500F3612E /* SafariServices.framework in Frameworks */ = {isa = PBXBuildFile; fileRef = 30A291F21CACB0F500F3612E /* SafariServices.framework */; };
		30A291F51CACB0FB00F3612E /* SystemConfiguration.framework in Frameworks */ = {isa = PBXBuildFile; fileRef = 30A291F41CACB0FB00F3612E /* SystemConfiguration.framework */; };
		30A291F71CACB13200F3612E /* GoogleService-Info.plist in Resources */ = {isa = PBXBuildFile; fileRef = 30A291F61CACB13200F3612E /* GoogleService-Info.plist */; };
		30A292021CACB46000F3612E /* GoogleSignIn.framework in Frameworks */ = {isa = PBXBuildFile; fileRef = 30A291EB1CACB0A100F3612E /* GoogleSignIn.framework */; };
		30A292041CACB4C300F3612E /* libz.tbd in Frameworks */ = {isa = PBXBuildFile; fileRef = 30A292031CACB4C300F3612E /* libz.tbd */; };
		30A292051CACD40300F3612E /* GoogleSignIn.bundle in Resources */ = {isa = PBXBuildFile; fileRef = 30A291EA1CACB0A100F3612E /* GoogleSignIn.bundle */; };
		30A292061CADD82D00F3612E /* VanadiumCore.framework in Frameworks */ = {isa = PBXBuildFile; fileRef = 30A291D11CAC97BC00F3612E /* VanadiumCore.framework */; };
		30A292071CADD82D00F3612E /* VanadiumCore.framework in Embed Frameworks */ = {isa = PBXBuildFile; fileRef = 30A291D11CAC97BC00F3612E /* VanadiumCore.framework */; settings = {ATTRIBUTES = (CodeSignOnCopy, RemoveHeadersOnCopy, ); }; };
		30A2920B1CADD82F00F3612E /* Syncbase.framework in Frameworks */ = {isa = PBXBuildFile; fileRef = 30A291D51CAC97BC00F3612E /* Syncbase.framework */; };
		30A2920C1CADD82F00F3612E /* Syncbase.framework in Embed Frameworks */ = {isa = PBXBuildFile; fileRef = 30A291D51CAC97BC00F3612E /* Syncbase.framework */; settings = {ATTRIBUTES = (CodeSignOnCopy, RemoveHeadersOnCopy, ); }; };
		30DD1B201CB5DB9300C1A66B /* Alamofire.framework in Frameworks */ = {isa = PBXBuildFile; fileRef = 30DD1B131CB5DB8700C1A66B /* Alamofire.framework */; };
		30DD1B211CB5DB9300C1A66B /* Alamofire.framework in Embed Frameworks */ = {isa = PBXBuildFile; fileRef = 30DD1B131CB5DB8700C1A66B /* Alamofire.framework */; settings = {ATTRIBUTES = (CodeSignOnCopy, RemoveHeadersOnCopy, ); }; };
		9306FB941BFC049400DE7190 /* AppDelegate.swift in Sources */ = {isa = PBXBuildFile; fileRef = 9306FB931BFC049400DE7190 /* AppDelegate.swift */; };
		9306FB961BFC049400DE7190 /* DemoViewController.swift in Sources */ = {isa = PBXBuildFile; fileRef = 9306FB951BFC049400DE7190 /* DemoViewController.swift */; };
		9306FB991BFC049400DE7190 /* Main.storyboard in Resources */ = {isa = PBXBuildFile; fileRef = 9306FB971BFC049400DE7190 /* Main.storyboard */; };
		9306FB9B1BFC049400DE7190 /* Assets.xcassets in Resources */ = {isa = PBXBuildFile; fileRef = 9306FB9A1BFC049400DE7190 /* Assets.xcassets */; };
		9306FB9E1BFC049400DE7190 /* LaunchScreen.storyboard in Resources */ = {isa = PBXBuildFile; fileRef = 9306FB9C1BFC049400DE7190 /* LaunchScreen.storyboard */; };
		9306FBA91BFC049400DE7190 /* DemoTests.swift in Sources */ = {isa = PBXBuildFile; fileRef = 9306FBA81BFC049400DE7190 /* DemoTests.swift */; };
/* End PBXBuildFile section */

/* Begin PBXContainerItemProxy section */
		30A291D01CAC97BC00F3612E /* PBXContainerItemProxy */ = {
			isa = PBXContainerItemProxy;
			containerPortal = 30A291C81CAC97BC00F3612E /* Vanadium.xcodeproj */;
			proxyType = 2;
			remoteGlobalIDString = 93BC21551C9E199F0074C612;
			remoteInfo = VanadiumCore;
		};
		30A291D21CAC97BC00F3612E /* PBXContainerItemProxy */ = {
			isa = PBXContainerItemProxy;
			containerPortal = 30A291C81CAC97BC00F3612E /* Vanadium.xcodeproj */;
			proxyType = 2;
			remoteGlobalIDString = 93BC215F1C9E199F0074C612;
			remoteInfo = VanadiumCoreTests;
		};
		30A291D41CAC97BC00F3612E /* PBXContainerItemProxy */ = {
			isa = PBXContainerItemProxy;
			containerPortal = 30A291C81CAC97BC00F3612E /* Vanadium.xcodeproj */;
			proxyType = 2;
			remoteGlobalIDString = 93B980D91CAB9D3D00CE42E0;
			remoteInfo = Syncbase;
		};
		30A291D61CAC97BC00F3612E /* PBXContainerItemProxy */ = {
			isa = PBXContainerItemProxy;
			containerPortal = 30A291C81CAC97BC00F3612E /* Vanadium.xcodeproj */;
			proxyType = 2;
			remoteGlobalIDString = 93B980E21CAB9D3D00CE42E0;
			remoteInfo = SyncbaseTests;
		};
		30A291D81CAC97D000F3612E /* PBXContainerItemProxy */ = {
			isa = PBXContainerItemProxy;
			containerPortal = 30A291C81CAC97BC00F3612E /* Vanadium.xcodeproj */;
			proxyType = 1;
			remoteGlobalIDString = 93BC21541C9E199F0074C612;
			remoteInfo = VanadiumCore;
		};
		30A291DA1CAC97D300F3612E /* PBXContainerItemProxy */ = {
			isa = PBXContainerItemProxy;
			containerPortal = 30A291C81CAC97BC00F3612E /* Vanadium.xcodeproj */;
			proxyType = 1;
			remoteGlobalIDString = 93B980D81CAB9D3D00CE42E0;
			remoteInfo = Syncbase;
		};
		30A292081CADD82D00F3612E /* PBXContainerItemProxy */ = {
			isa = PBXContainerItemProxy;
			containerPortal = 30A291C81CAC97BC00F3612E /* Vanadium.xcodeproj */;
			proxyType = 1;
			remoteGlobalIDString = 93BC21541C9E199F0074C612;
			remoteInfo = VanadiumCore;
		};
		30A2920D1CADD82F00F3612E /* PBXContainerItemProxy */ = {
			isa = PBXContainerItemProxy;
			containerPortal = 30A291C81CAC97BC00F3612E /* Vanadium.xcodeproj */;
			proxyType = 1;
			remoteGlobalIDString = 93B980D81CAB9D3D00CE42E0;
			remoteInfo = Syncbase;
		};
		30DD1B121CB5DB8700C1A66B /* PBXContainerItemProxy */ = {
			isa = PBXContainerItemProxy;
			containerPortal = 30DD1B081CB5DB8700C1A66B /* Alamofire.xcodeproj */;
			proxyType = 2;
			remoteGlobalIDString = F8111E3319A95C8B0040E7D1;
			remoteInfo = "Alamofire iOS";
		};
		30DD1B141CB5DB8700C1A66B /* PBXContainerItemProxy */ = {
			isa = PBXContainerItemProxy;
			containerPortal = 30DD1B081CB5DB8700C1A66B /* Alamofire.xcodeproj */;
			proxyType = 2;
			remoteGlobalIDString = F8111E3E19A95C8B0040E7D1;
			remoteInfo = "Alamofire iOS Tests";
		};
		30DD1B161CB5DB8700C1A66B /* PBXContainerItemProxy */ = {
			isa = PBXContainerItemProxy;
			containerPortal = 30DD1B081CB5DB8700C1A66B /* Alamofire.xcodeproj */;
			proxyType = 2;
			remoteGlobalIDString = 4DD67C0B1A5C55C900ED2280;
			remoteInfo = "Alamofire OSX";
		};
		30DD1B181CB5DB8700C1A66B /* PBXContainerItemProxy */ = {
			isa = PBXContainerItemProxy;
			containerPortal = 30DD1B081CB5DB8700C1A66B /* Alamofire.xcodeproj */;
			proxyType = 2;
			remoteGlobalIDString = F829C6B21A7A94F100A2CD59;
			remoteInfo = "Alamofire OSX Tests";
		};
		30DD1B1A1CB5DB8700C1A66B /* PBXContainerItemProxy */ = {
			isa = PBXContainerItemProxy;
			containerPortal = 30DD1B081CB5DB8700C1A66B /* Alamofire.xcodeproj */;
			proxyType = 2;
			remoteGlobalIDString = 4CF626EF1BA7CB3E0011A099;
			remoteInfo = "Alamofire tvOS";
		};
		30DD1B1C1CB5DB8700C1A66B /* PBXContainerItemProxy */ = {
			isa = PBXContainerItemProxy;
			containerPortal = 30DD1B081CB5DB8700C1A66B /* Alamofire.xcodeproj */;
			proxyType = 2;
			remoteGlobalIDString = 4CF626F81BA7CB3E0011A099;
			remoteInfo = "Alamofire tvOS Tests";
		};
		30DD1B1E1CB5DB8700C1A66B /* PBXContainerItemProxy */ = {
			isa = PBXContainerItemProxy;
			containerPortal = 30DD1B081CB5DB8700C1A66B /* Alamofire.xcodeproj */;
			proxyType = 2;
			remoteGlobalIDString = E4202FE01B667AA100C997FB;
			remoteInfo = "Alamofire watchOS";
		};
		30DD1B221CB5DB9300C1A66B /* PBXContainerItemProxy */ = {
			isa = PBXContainerItemProxy;
			containerPortal = 30DD1B081CB5DB8700C1A66B /* Alamofire.xcodeproj */;
			proxyType = 1;
			remoteGlobalIDString = F8111E3219A95C8B0040E7D1;
			remoteInfo = "Alamofire iOS";
		};
		9306FBA51BFC049400DE7190 /* PBXContainerItemProxy */ = {
			isa = PBXContainerItemProxy;
			containerPortal = 9306FB881BFC049400DE7190 /* Project object */;
			proxyType = 1;
			remoteGlobalIDString = 9306FB8F1BFC049400DE7190;
			remoteInfo = Demo;
		};
/* End PBXContainerItemProxy section */

/* Begin PBXCopyFilesBuildPhase section */
		30A2920A1CADD82D00F3612E /* Embed Frameworks */ = {
			isa = PBXCopyFilesBuildPhase;
			buildActionMask = 2147483647;
			dstPath = "";
			dstSubfolderSpec = 10;
			files = (
				30A2920C1CADD82F00F3612E /* Syncbase.framework in Embed Frameworks */,
				30DD1B211CB5DB9300C1A66B /* Alamofire.framework in Embed Frameworks */,
				30A292071CADD82D00F3612E /* VanadiumCore.framework in Embed Frameworks */,
			);
			name = "Embed Frameworks";
			runOnlyForDeploymentPostprocessing = 0;
		};
/* End PBXCopyFilesBuildPhase section */

/* Begin PBXFileReference section */
		30A291C81CAC97BC00F3612E /* Vanadium.xcodeproj */ = {isa = PBXFileReference; lastKnownFileType = "wrapper.pb-project"; name = Vanadium.xcodeproj; path = ../lib/Vanadium.xcodeproj; sourceTree = "<group>"; };
		30A291DC1CAC981E00F3612E /* RPCDemo.swift */ = {isa = PBXFileReference; fileEncoding = 4; lastKnownFileType = sourcecode.swift; path = RPCDemo.swift; sourceTree = "<group>"; };
		30A291DE1CAC982900F3612E /* Demo.swift */ = {isa = PBXFileReference; fileEncoding = 4; lastKnownFileType = sourcecode.swift; path = Demo.swift; sourceTree = "<group>"; };
		30A291E01CAC996F00F3612E /* GoogleSignInDemo.swift */ = {isa = PBXFileReference; fileEncoding = 4; lastKnownFileType = sourcecode.swift; path = GoogleSignInDemo.swift; sourceTree = "<group>"; };
		30A291EA1CACB0A100F3612E /* GoogleSignIn.bundle */ = {isa = PBXFileReference; lastKnownFileType = "wrapper.plug-in"; name = GoogleSignIn.bundle; path = ../../../third_party/swift/google_signin_sdk_3_0_0/GoogleSignIn.bundle; sourceTree = "<group>"; };
		30A291EB1CACB0A100F3612E /* GoogleSignIn.framework */ = {isa = PBXFileReference; lastKnownFileType = wrapper.framework; name = GoogleSignIn.framework; path = ../../../third_party/swift/google_signin_sdk_3_0_0/GoogleSignIn.framework; sourceTree = "<group>"; };
		30A291F01CACB0F000F3612E /* AddressBook.framework */ = {isa = PBXFileReference; lastKnownFileType = wrapper.framework; name = AddressBook.framework; path = System/Library/Frameworks/AddressBook.framework; sourceTree = SDKROOT; };
		30A291F21CACB0F500F3612E /* SafariServices.framework */ = {isa = PBXFileReference; lastKnownFileType = wrapper.framework; name = SafariServices.framework; path = System/Library/Frameworks/SafariServices.framework; sourceTree = SDKROOT; };
		30A291F41CACB0FB00F3612E /* SystemConfiguration.framework */ = {isa = PBXFileReference; lastKnownFileType = wrapper.framework; name = SystemConfiguration.framework; path = System/Library/Frameworks/SystemConfiguration.framework; sourceTree = SDKROOT; };
		30A291F61CACB13200F3612E /* GoogleService-Info.plist */ = {isa = PBXFileReference; fileEncoding = 4; lastKnownFileType = text.plist.xml; path = "GoogleService-Info.plist"; sourceTree = "<group>"; };
		30A291FA1CACB1D400F3612E /* Demo-Bridging-Header.h */ = {isa = PBXFileReference; lastKnownFileType = sourcecode.c.h; path = "Demo-Bridging-Header.h"; sourceTree = "<group>"; };
		30A292031CACB4C300F3612E /* libz.tbd */ = {isa = PBXFileReference; lastKnownFileType = "sourcecode.text-based-dylib-definition"; name = libz.tbd; path = usr/lib/libz.tbd; sourceTree = SDKROOT; };
		30DD1B081CB5DB8700C1A66B /* Alamofire.xcodeproj */ = {isa = PBXFileReference; lastKnownFileType = "wrapper.pb-project"; name = Alamofire.xcodeproj; path = "../../../third_party/swift/Alamofire-3.3.0/Alamofire.xcodeproj"; sourceTree = "<group>"; };
		9306FB901BFC049400DE7190 /* Demo.app */ = {isa = PBXFileReference; explicitFileType = wrapper.application; includeInIndex = 0; path = Demo.app; sourceTree = BUILT_PRODUCTS_DIR; };
		9306FB931BFC049400DE7190 /* AppDelegate.swift */ = {isa = PBXFileReference; lastKnownFileType = sourcecode.swift; path = AppDelegate.swift; sourceTree = "<group>"; };
		9306FB951BFC049400DE7190 /* DemoViewController.swift */ = {isa = PBXFileReference; lastKnownFileType = sourcecode.swift; path = DemoViewController.swift; sourceTree = "<group>"; };
		9306FB981BFC049400DE7190 /* Base */ = {isa = PBXFileReference; lastKnownFileType = file.storyboard; name = Base; path = Base.lproj/Main.storyboard; sourceTree = "<group>"; };
		9306FB9A1BFC049400DE7190 /* Assets.xcassets */ = {isa = PBXFileReference; lastKnownFileType = folder.assetcatalog; path = Assets.xcassets; sourceTree = "<group>"; };
		9306FB9D1BFC049400DE7190 /* Base */ = {isa = PBXFileReference; lastKnownFileType = file.storyboard; name = Base; path = Base.lproj/LaunchScreen.storyboard; sourceTree = "<group>"; };
		9306FB9F1BFC049400DE7190 /* Info.plist */ = {isa = PBXFileReference; lastKnownFileType = text.plist.xml; path = Info.plist; sourceTree = "<group>"; };
		9306FBA41BFC049400DE7190 /* DemoTests.xctest */ = {isa = PBXFileReference; explicitFileType = wrapper.cfbundle; includeInIndex = 0; path = DemoTests.xctest; sourceTree = BUILT_PRODUCTS_DIR; };
		9306FBA81BFC049400DE7190 /* DemoTests.swift */ = {isa = PBXFileReference; lastKnownFileType = sourcecode.swift; path = DemoTests.swift; sourceTree = "<group>"; };
		9306FBAA1BFC049400DE7190 /* Info.plist */ = {isa = PBXFileReference; lastKnownFileType = text.plist.xml; path = Info.plist; sourceTree = "<group>"; };
/* End PBXFileReference section */

/* Begin PBXFrameworksBuildPhase section */
		9306FB8D1BFC049400DE7190 /* Frameworks */ = {
			isa = PBXFrameworksBuildPhase;
			buildActionMask = 2147483647;
			files = (
				30A2920B1CADD82F00F3612E /* Syncbase.framework in Frameworks */,
				30A292041CACB4C300F3612E /* libz.tbd in Frameworks */,
				30A292021CACB46000F3612E /* GoogleSignIn.framework in Frameworks */,
				30A292061CADD82D00F3612E /* VanadiumCore.framework in Frameworks */,
				30A291F51CACB0FB00F3612E /* SystemConfiguration.framework in Frameworks */,
				30A291F31CACB0F500F3612E /* SafariServices.framework in Frameworks */,
				30A291F11CACB0F000F3612E /* AddressBook.framework in Frameworks */,
				30DD1B201CB5DB9300C1A66B /* Alamofire.framework in Frameworks */,
			);
			runOnlyForDeploymentPostprocessing = 0;
		};
		9306FBA11BFC049400DE7190 /* Frameworks */ = {
			isa = PBXFrameworksBuildPhase;
			buildActionMask = 2147483647;
			files = (
			);
			runOnlyForDeploymentPostprocessing = 0;
		};
/* End PBXFrameworksBuildPhase section */

/* Begin PBXGroup section */
		30A291C91CAC97BC00F3612E /* Products */ = {
			isa = PBXGroup;
			children = (
				30A291D11CAC97BC00F3612E /* VanadiumCore.framework */,
				30A291D31CAC97BC00F3612E /* VanadiumCoreTests.xctest */,
				30A291D51CAC97BC00F3612E /* Syncbase.framework */,
				30A291D71CAC97BC00F3612E /* SyncbaseTests.xctest */,
			);
			name = Products;
			sourceTree = "<group>";
		};
		30A291F81CACB13700F3612E /* Google Sign In */ = {
			isa = PBXGroup;
			children = (
				30A291E01CAC996F00F3612E /* GoogleSignInDemo.swift */,
				30A291F61CACB13200F3612E /* GoogleService-Info.plist */,
			);
			name = "Google Sign In";
			sourceTree = "<group>";
		};
		30A291F91CACB14000F3612E /* Vanadium Core Demos */ = {
			isa = PBXGroup;
			children = (
				30A291DC1CAC981E00F3612E /* RPCDemo.swift */,
			);
			name = "Vanadium Core Demos";
			sourceTree = "<group>";
		};
		30A292121CAE290500F3612E /* Frameworks */ = {
			isa = PBXGroup;
			children = (
				30DD1B081CB5DB8700C1A66B /* Alamofire.xcodeproj */,
				30A291C81CAC97BC00F3612E /* Vanadium.xcodeproj */,
				30A291EA1CACB0A100F3612E /* GoogleSignIn.bundle */,
				30A291F01CACB0F000F3612E /* AddressBook.framework */,
				30A291EB1CACB0A100F3612E /* GoogleSignIn.framework */,
				30A291F21CACB0F500F3612E /* SafariServices.framework */,
				30A291F41CACB0FB00F3612E /* SystemConfiguration.framework */,
				30A292031CACB4C300F3612E /* libz.tbd */,
			);
			name = Frameworks;
			sourceTree = "<group>";
		};
		30DD1B091CB5DB8700C1A66B /* Products */ = {
			isa = PBXGroup;
			children = (
				30DD1B131CB5DB8700C1A66B /* Alamofire.framework */,
				30DD1B151CB5DB8700C1A66B /* Alamofire iOS Tests.xctest */,
				30DD1B171CB5DB8700C1A66B /* Alamofire.framework */,
				30DD1B191CB5DB8700C1A66B /* Alamofire OSX Tests.xctest */,
				30DD1B1B1CB5DB8700C1A66B /* Alamofire.framework */,
				30DD1B1D1CB5DB8700C1A66B /* Alamofire tvOS Tests.xctest */,
				30DD1B1F1CB5DB8700C1A66B /* Alamofire.framework */,
			);
			name = Products;
			sourceTree = "<group>";
		};
		9306FB871BFC049400DE7190 = {
			isa = PBXGroup;
			children = (
				9306FB921BFC049400DE7190 /* Demo */,
				9306FBA71BFC049400DE7190 /* DemoTests */,
				30A292121CAE290500F3612E /* Frameworks */,
				9306FB911BFC049400DE7190 /* Products */,
			);
			sourceTree = "<group>";
		};
		9306FB911BFC049400DE7190 /* Products */ = {
			isa = PBXGroup;
			children = (
				9306FB901BFC049400DE7190 /* Demo.app */,
				9306FBA41BFC049400DE7190 /* DemoTests.xctest */,
			);
			name = Products;
			sourceTree = "<group>";
		};
		9306FB921BFC049400DE7190 /* Demo */ = {
			isa = PBXGroup;
			children = (
				9306FB931BFC049400DE7190 /* AppDelegate.swift */,
				9306FB951BFC049400DE7190 /* DemoViewController.swift */,
				9306FB971BFC049400DE7190 /* Main.storyboard */,
				30A291DE1CAC982900F3612E /* Demo.swift */,
				30A291F91CACB14000F3612E /* Vanadium Core Demos */,
				30A291F81CACB13700F3612E /* Google Sign In */,
				9306FB9A1BFC049400DE7190 /* Assets.xcassets */,
				9306FB9C1BFC049400DE7190 /* LaunchScreen.storyboard */,
				9306FB9F1BFC049400DE7190 /* Info.plist */,
				30A291FA1CACB1D400F3612E /* Demo-Bridging-Header.h */,
			);
			path = Demo;
			sourceTree = "<group>";
		};
		9306FBA71BFC049400DE7190 /* DemoTests */ = {
			isa = PBXGroup;
			children = (
				9306FBA81BFC049400DE7190 /* DemoTests.swift */,
				9306FBAA1BFC049400DE7190 /* Info.plist */,
			);
			path = DemoTests;
			sourceTree = "<group>";
		};
/* End PBXGroup section */

/* Begin PBXNativeTarget section */
		9306FB8F1BFC049400DE7190 /* Demo */ = {
			isa = PBXNativeTarget;
			buildConfigurationList = 9306FBAD1BFC049400DE7190 /* Build configuration list for PBXNativeTarget "Demo" */;
			buildPhases = (
				9306FB8C1BFC049400DE7190 /* Sources */,
				9306FB8D1BFC049400DE7190 /* Frameworks */,
				9306FB8E1BFC049400DE7190 /* Resources */,
				30A2920A1CADD82D00F3612E /* Embed Frameworks */,
			);
			buildRules = (
			);
			dependencies = (
				30A291DB1CAC97D300F3612E /* PBXTargetDependency */,
				30A291D91CAC97D000F3612E /* PBXTargetDependency */,
				30A292091CADD82D00F3612E /* PBXTargetDependency */,
				30A2920E1CADD82F00F3612E /* PBXTargetDependency */,
				30DD1B231CB5DB9300C1A66B /* PBXTargetDependency */,
			);
			name = Demo;
			productName = Demo;
			productReference = 9306FB901BFC049400DE7190 /* Demo.app */;
			productType = "com.apple.product-type.application";
		};
		9306FBA31BFC049400DE7190 /* DemoTests */ = {
			isa = PBXNativeTarget;
			buildConfigurationList = 9306FBB01BFC049400DE7190 /* Build configuration list for PBXNativeTarget "DemoTests" */;
			buildPhases = (
				9306FBA01BFC049400DE7190 /* Sources */,
				9306FBA11BFC049400DE7190 /* Frameworks */,
				9306FBA21BFC049400DE7190 /* Resources */,
			);
			buildRules = (
			);
			dependencies = (
				9306FBA61BFC049400DE7190 /* PBXTargetDependency */,
			);
			name = DemoTests;
			productName = DemoTests;
			productReference = 9306FBA41BFC049400DE7190 /* DemoTests.xctest */;
			productType = "com.apple.product-type.bundle.unit-test";
		};
/* End PBXNativeTarget section */

/* Begin PBXProject section */
		9306FB881BFC049400DE7190 /* Project object */ = {
			isa = PBXProject;
			attributes = {
				LastSwiftUpdateCheck = 0730;
				LastUpgradeCheck = 0710;
				ORGANIZATIONNAME = "Google Inc.";
				TargetAttributes = {
					9306FB8F1BFC049400DE7190 = {
						CreatedOnToolsVersion = 7.1;
					};
					9306FBA31BFC049400DE7190 = {
						CreatedOnToolsVersion = 7.1;
						TestTargetID = 9306FB8F1BFC049400DE7190;
					};
				};
			};
			buildConfigurationList = 9306FB8B1BFC049400DE7190 /* Build configuration list for PBXProject "Demo" */;
			compatibilityVersion = "Xcode 3.2";
			developmentRegion = English;
			hasScannedForEncodings = 0;
			knownRegions = (
				en,
				Base,
			);
			mainGroup = 9306FB871BFC049400DE7190;
			productRefGroup = 9306FB911BFC049400DE7190 /* Products */;
			projectDirPath = "";
			projectReferences = (
				{
					ProductGroup = 30DD1B091CB5DB8700C1A66B /* Products */;
					ProjectRef = 30DD1B081CB5DB8700C1A66B /* Alamofire.xcodeproj */;
				},
				{
					ProductGroup = 30A291C91CAC97BC00F3612E /* Products */;
					ProjectRef = 30A291C81CAC97BC00F3612E /* Vanadium.xcodeproj */;
				},
			);
			projectRoot = "";
			targets = (
				9306FB8F1BFC049400DE7190 /* Demo */,
				9306FBA31BFC049400DE7190 /* DemoTests */,
			);
		};
/* End PBXProject section */

/* Begin PBXReferenceProxy section */
		30A291D11CAC97BC00F3612E /* VanadiumCore.framework */ = {
			isa = PBXReferenceProxy;
			fileType = wrapper.framework;
			path = VanadiumCore.framework;
			remoteRef = 30A291D01CAC97BC00F3612E /* PBXContainerItemProxy */;
			sourceTree = BUILT_PRODUCTS_DIR;
		};
		30A291D31CAC97BC00F3612E /* VanadiumCoreTests.xctest */ = {
			isa = PBXReferenceProxy;
			fileType = wrapper.cfbundle;
			path = VanadiumCoreTests.xctest;
			remoteRef = 30A291D21CAC97BC00F3612E /* PBXContainerItemProxy */;
			sourceTree = BUILT_PRODUCTS_DIR;
		};
		30A291D51CAC97BC00F3612E /* Syncbase.framework */ = {
			isa = PBXReferenceProxy;
			fileType = wrapper.framework;
			path = Syncbase.framework;
			remoteRef = 30A291D41CAC97BC00F3612E /* PBXContainerItemProxy */;
			sourceTree = BUILT_PRODUCTS_DIR;
		};
		30A291D71CAC97BC00F3612E /* SyncbaseTests.xctest */ = {
			isa = PBXReferenceProxy;
			fileType = wrapper.cfbundle;
			path = SyncbaseTests.xctest;
			remoteRef = 30A291D61CAC97BC00F3612E /* PBXContainerItemProxy */;
			sourceTree = BUILT_PRODUCTS_DIR;
		};
		30DD1B131CB5DB8700C1A66B /* Alamofire.framework */ = {
			isa = PBXReferenceProxy;
			fileType = wrapper.framework;
			path = Alamofire.framework;
			remoteRef = 30DD1B121CB5DB8700C1A66B /* PBXContainerItemProxy */;
			sourceTree = BUILT_PRODUCTS_DIR;
		};
		30DD1B151CB5DB8700C1A66B /* Alamofire iOS Tests.xctest */ = {
			isa = PBXReferenceProxy;
			fileType = wrapper.cfbundle;
			path = "Alamofire iOS Tests.xctest";
			remoteRef = 30DD1B141CB5DB8700C1A66B /* PBXContainerItemProxy */;
			sourceTree = BUILT_PRODUCTS_DIR;
		};
		30DD1B171CB5DB8700C1A66B /* Alamofire.framework */ = {
			isa = PBXReferenceProxy;
			fileType = wrapper.framework;
			path = Alamofire.framework;
			remoteRef = 30DD1B161CB5DB8700C1A66B /* PBXContainerItemProxy */;
			sourceTree = BUILT_PRODUCTS_DIR;
		};
		30DD1B191CB5DB8700C1A66B /* Alamofire OSX Tests.xctest */ = {
			isa = PBXReferenceProxy;
			fileType = wrapper.cfbundle;
			path = "Alamofire OSX Tests.xctest";
			remoteRef = 30DD1B181CB5DB8700C1A66B /* PBXContainerItemProxy */;
			sourceTree = BUILT_PRODUCTS_DIR;
		};
		30DD1B1B1CB5DB8700C1A66B /* Alamofire.framework */ = {
			isa = PBXReferenceProxy;
			fileType = wrapper.framework;
			path = Alamofire.framework;
			remoteRef = 30DD1B1A1CB5DB8700C1A66B /* PBXContainerItemProxy */;
			sourceTree = BUILT_PRODUCTS_DIR;
		};
		30DD1B1D1CB5DB8700C1A66B /* Alamofire tvOS Tests.xctest */ = {
			isa = PBXReferenceProxy;
			fileType = wrapper.cfbundle;
			path = "Alamofire tvOS Tests.xctest";
			remoteRef = 30DD1B1C1CB5DB8700C1A66B /* PBXContainerItemProxy */;
			sourceTree = BUILT_PRODUCTS_DIR;
		};
		30DD1B1F1CB5DB8700C1A66B /* Alamofire.framework */ = {
			isa = PBXReferenceProxy;
			fileType = wrapper.framework;
			path = Alamofire.framework;
			remoteRef = 30DD1B1E1CB5DB8700C1A66B /* PBXContainerItemProxy */;
			sourceTree = BUILT_PRODUCTS_DIR;
		};
/* End PBXReferenceProxy section */

/* Begin PBXResourcesBuildPhase section */
		9306FB8E1BFC049400DE7190 /* Resources */ = {
			isa = PBXResourcesBuildPhase;
			buildActionMask = 2147483647;
			files = (
				9306FB9E1BFC049400DE7190 /* LaunchScreen.storyboard in Resources */,
				30A292051CACD40300F3612E /* GoogleSignIn.bundle in Resources */,
				30A291F71CACB13200F3612E /* GoogleService-Info.plist in Resources */,
				9306FB9B1BFC049400DE7190 /* Assets.xcassets in Resources */,
				9306FB991BFC049400DE7190 /* Main.storyboard in Resources */,
			);
			runOnlyForDeploymentPostprocessing = 0;
		};
		9306FBA21BFC049400DE7190 /* Resources */ = {
			isa = PBXResourcesBuildPhase;
			buildActionMask = 2147483647;
			files = (
			);
			runOnlyForDeploymentPostprocessing = 0;
		};
/* End PBXResourcesBuildPhase section */

/* Begin PBXSourcesBuildPhase section */
		9306FB8C1BFC049400DE7190 /* Sources */ = {
			isa = PBXSourcesBuildPhase;
			buildActionMask = 2147483647;
			files = (
				30A291E11CAC996F00F3612E /* GoogleSignInDemo.swift in Sources */,
				9306FB961BFC049400DE7190 /* DemoViewController.swift in Sources */,
				9306FB941BFC049400DE7190 /* AppDelegate.swift in Sources */,
				30A291DF1CAC982900F3612E /* Demo.swift in Sources */,
				30A291DD1CAC981E00F3612E /* RPCDemo.swift in Sources */,
			);
			runOnlyForDeploymentPostprocessing = 0;
		};
		9306FBA01BFC049400DE7190 /* Sources */ = {
			isa = PBXSourcesBuildPhase;
			buildActionMask = 2147483647;
			files = (
				9306FBA91BFC049400DE7190 /* DemoTests.swift in Sources */,
			);
			runOnlyForDeploymentPostprocessing = 0;
		};
/* End PBXSourcesBuildPhase section */

/* Begin PBXTargetDependency section */
		30A291D91CAC97D000F3612E /* PBXTargetDependency */ = {
			isa = PBXTargetDependency;
			name = VanadiumCore;
			targetProxy = 30A291D81CAC97D000F3612E /* PBXContainerItemProxy */;
		};
		30A291DB1CAC97D300F3612E /* PBXTargetDependency */ = {
			isa = PBXTargetDependency;
			name = Syncbase;
			targetProxy = 30A291DA1CAC97D300F3612E /* PBXContainerItemProxy */;
		};
		30A292091CADD82D00F3612E /* PBXTargetDependency */ = {
			isa = PBXTargetDependency;
			name = VanadiumCore;
			targetProxy = 30A292081CADD82D00F3612E /* PBXContainerItemProxy */;
		};
		30A2920E1CADD82F00F3612E /* PBXTargetDependency */ = {
			isa = PBXTargetDependency;
			name = Syncbase;
			targetProxy = 30A2920D1CADD82F00F3612E /* PBXContainerItemProxy */;
		};
		30DD1B231CB5DB9300C1A66B /* PBXTargetDependency */ = {
			isa = PBXTargetDependency;
			name = "Alamofire iOS";
			targetProxy = 30DD1B221CB5DB9300C1A66B /* PBXContainerItemProxy */;
		};
		9306FBA61BFC049400DE7190 /* PBXTargetDependency */ = {
			isa = PBXTargetDependency;
			target = 9306FB8F1BFC049400DE7190 /* Demo */;
			targetProxy = 9306FBA51BFC049400DE7190 /* PBXContainerItemProxy */;
		};
/* End PBXTargetDependency section */

/* Begin PBXVariantGroup section */
		9306FB971BFC049400DE7190 /* Main.storyboard */ = {
			isa = PBXVariantGroup;
			children = (
				9306FB981BFC049400DE7190 /* Base */,
			);
			name = Main.storyboard;
			sourceTree = "<group>";
		};
		9306FB9C1BFC049400DE7190 /* LaunchScreen.storyboard */ = {
			isa = PBXVariantGroup;
			children = (
				9306FB9D1BFC049400DE7190 /* Base */,
			);
			name = LaunchScreen.storyboard;
			sourceTree = "<group>";
		};
/* End PBXVariantGroup section */

/* Begin XCBuildConfiguration section */
		9306FBAB1BFC049400DE7190 /* Debug */ = {
			isa = XCBuildConfiguration;
			buildSettings = {
				ALWAYS_SEARCH_USER_PATHS = NO;
				CLANG_CXX_LANGUAGE_STANDARD = "gnu++0x";
				CLANG_CXX_LIBRARY = "libc++";
				CLANG_ENABLE_MODULES = YES;
				CLANG_ENABLE_OBJC_ARC = YES;
				CLANG_WARN_BOOL_CONVERSION = YES;
				CLANG_WARN_CONSTANT_CONVERSION = YES;
				CLANG_WARN_DIRECT_OBJC_ISA_USAGE = YES_ERROR;
				CLANG_WARN_EMPTY_BODY = YES;
				CLANG_WARN_ENUM_CONVERSION = YES;
				CLANG_WARN_INT_CONVERSION = YES;
				CLANG_WARN_OBJC_ROOT_CLASS = YES_ERROR;
				CLANG_WARN_UNREACHABLE_CODE = YES;
				CLANG_WARN__DUPLICATE_METHOD_MATCH = YES;
				"CODE_SIGN_IDENTITY[sdk=iphoneos*]" = "iPhone Developer";
				COPY_PHASE_STRIP = NO;
				DEBUG_INFORMATION_FORMAT = dwarf;
				ENABLE_BITCODE = NO;
				ENABLE_STRICT_OBJC_MSGSEND = YES;
				ENABLE_TESTABILITY = YES;
				GCC_C_LANGUAGE_STANDARD = gnu99;
				GCC_DYNAMIC_NO_PIC = NO;
				GCC_NO_COMMON_BLOCKS = YES;
				GCC_OPTIMIZATION_LEVEL = 0;
				GCC_PREPROCESSOR_DEFINITIONS = (
					"DEBUG=1",
					"$(inherited)",
				);
				GCC_WARN_64_TO_32_BIT_CONVERSION = YES;
				GCC_WARN_ABOUT_RETURN_TYPE = YES_ERROR;
				GCC_WARN_UNDECLARED_SELECTOR = YES;
				GCC_WARN_UNINITIALIZED_AUTOS = YES_AGGRESSIVE;
				GCC_WARN_UNUSED_FUNCTION = YES;
				GCC_WARN_UNUSED_VARIABLE = YES;
				IPHONEOS_DEPLOYMENT_TARGET = 9.0;
				MTL_ENABLE_DEBUG_INFO = YES;
				ONLY_ACTIVE_ARCH = YES;
				SDKROOT = iphoneos;
				SWIFT_OPTIMIZATION_LEVEL = "-Onone";
				TARGETED_DEVICE_FAMILY = "1,2";
			};
			name = Debug;
		};
		9306FBAC1BFC049400DE7190 /* Release */ = {
			isa = XCBuildConfiguration;
			buildSettings = {
				ALWAYS_SEARCH_USER_PATHS = NO;
				CLANG_CXX_LANGUAGE_STANDARD = "gnu++0x";
				CLANG_CXX_LIBRARY = "libc++";
				CLANG_ENABLE_MODULES = YES;
				CLANG_ENABLE_OBJC_ARC = YES;
				CLANG_WARN_BOOL_CONVERSION = YES;
				CLANG_WARN_CONSTANT_CONVERSION = YES;
				CLANG_WARN_DIRECT_OBJC_ISA_USAGE = YES_ERROR;
				CLANG_WARN_EMPTY_BODY = YES;
				CLANG_WARN_ENUM_CONVERSION = YES;
				CLANG_WARN_INT_CONVERSION = YES;
				CLANG_WARN_OBJC_ROOT_CLASS = YES_ERROR;
				CLANG_WARN_UNREACHABLE_CODE = YES;
				CLANG_WARN__DUPLICATE_METHOD_MATCH = YES;
				"CODE_SIGN_IDENTITY[sdk=iphoneos*]" = "iPhone Developer";
				COPY_PHASE_STRIP = NO;
				DEBUG_INFORMATION_FORMAT = "dwarf-with-dsym";
				ENABLE_BITCODE = NO;
				ENABLE_NS_ASSERTIONS = NO;
				ENABLE_STRICT_OBJC_MSGSEND = YES;
				GCC_C_LANGUAGE_STANDARD = gnu99;
				GCC_NO_COMMON_BLOCKS = YES;
				GCC_WARN_64_TO_32_BIT_CONVERSION = YES;
				GCC_WARN_ABOUT_RETURN_TYPE = YES_ERROR;
				GCC_WARN_UNDECLARED_SELECTOR = YES;
				GCC_WARN_UNINITIALIZED_AUTOS = YES_AGGRESSIVE;
				GCC_WARN_UNUSED_FUNCTION = YES;
				GCC_WARN_UNUSED_VARIABLE = YES;
				IPHONEOS_DEPLOYMENT_TARGET = 9.0;
				MTL_ENABLE_DEBUG_INFO = NO;
				SDKROOT = iphoneos;
				TARGETED_DEVICE_FAMILY = "1,2";
				VALIDATE_PRODUCT = YES;
			};
			name = Release;
		};
		9306FBAE1BFC049400DE7190 /* Debug */ = {
			isa = XCBuildConfiguration;
			buildSettings = {
				ASSETCATALOG_COMPILER_APPICON_NAME = AppIcon;
				CLANG_ENABLE_MODULES = YES;
				EMBEDDED_CONTENT_CONTAINS_SWIFT = YES;
				FRAMEWORK_SEARCH_PATHS = "${PROJECT_DIR}/../../../third_party/swift/google_signin_sdk_3_0_0";
				INFOPLIST_FILE = Demo/Info.plist;
				LD_RUNPATH_SEARCH_PATHS = "$(inherited) @executable_path/Frameworks";
				OTHER_LDFLAGS = (
					"$(OTHER_LDFLAGS)",
					"-ObjC",
				);
				PRODUCT_BUNDLE_IDENTIFIER = v.io.EmpiricalDemo;
				PRODUCT_NAME = "$(TARGET_NAME)";
				SWIFT_OBJC_BRIDGING_HEADER = "Demo/Demo-Bridging-Header.h";
				SWIFT_OPTIMIZATION_LEVEL = "-Onone";
				TARGETED_DEVICE_FAMILY = 1;
			};
			name = Debug;
		};
		9306FBAF1BFC049400DE7190 /* Release */ = {
			isa = XCBuildConfiguration;
			buildSettings = {
				ASSETCATALOG_COMPILER_APPICON_NAME = AppIcon;
				CLANG_ENABLE_MODULES = YES;
				EMBEDDED_CONTENT_CONTAINS_SWIFT = YES;
				FRAMEWORK_SEARCH_PATHS = "${PROJECT_DIR}/../../../third_party/swift/google_signin_sdk_3_0_0";
				INFOPLIST_FILE = Demo/Info.plist;
				LD_RUNPATH_SEARCH_PATHS = "$(inherited) @executable_path/Frameworks";
				OTHER_LDFLAGS = (
					"$(OTHER_LDFLAGS)",
					"-ObjC",
				);
				PRODUCT_BUNDLE_IDENTIFIER = v.io.EmpiricalDemo;
				PRODUCT_NAME = "$(TARGET_NAME)";
				SWIFT_OBJC_BRIDGING_HEADER = "Demo/Demo-Bridging-Header.h";
				TARGETED_DEVICE_FAMILY = 1;
			};
			name = Release;
		};
		9306FBB11BFC049400DE7190 /* Debug */ = {
			isa = XCBuildConfiguration;
			buildSettings = {
				BUNDLE_LOADER = "$(TEST_HOST)";
				INFOPLIST_FILE = DemoTests/Info.plist;
				LD_RUNPATH_SEARCH_PATHS = "$(inherited) @executable_path/Frameworks @loader_path/Frameworks";
				PRODUCT_BUNDLE_IDENTIFIER = v.io.DemoTests;
				PRODUCT_NAME = "$(TARGET_NAME)";
				TEST_HOST = "$(BUILT_PRODUCTS_DIR)/Demo.app/Demo";
			};
			name = Debug;
		};
		9306FBB21BFC049400DE7190 /* Release */ = {
			isa = XCBuildConfiguration;
			buildSettings = {
				BUNDLE_LOADER = "$(TEST_HOST)";
				INFOPLIST_FILE = DemoTests/Info.plist;
				LD_RUNPATH_SEARCH_PATHS = "$(inherited) @executable_path/Frameworks @loader_path/Frameworks";
				PRODUCT_BUNDLE_IDENTIFIER = v.io.DemoTests;
				PRODUCT_NAME = "$(TARGET_NAME)";
				TEST_HOST = "$(BUILT_PRODUCTS_DIR)/Demo.app/Demo";
			};
			name = Release;
		};
/* End XCBuildConfiguration section */

/* Begin XCConfigurationList section */
		9306FB8B1BFC049400DE7190 /* Build configuration list for PBXProject "Demo" */ = {
			isa = XCConfigurationList;
			buildConfigurations = (
				9306FBAB1BFC049400DE7190 /* Debug */,
				9306FBAC1BFC049400DE7190 /* Release */,
			);
			defaultConfigurationIsVisible = 0;
			defaultConfigurationName = Release;
		};
		9306FBAD1BFC049400DE7190 /* Build configuration list for PBXNativeTarget "Demo" */ = {
			isa = XCConfigurationList;
			buildConfigurations = (
				9306FBAE1BFC049400DE7190 /* Debug */,
				9306FBAF1BFC049400DE7190 /* Release */,
			);
			defaultConfigurationIsVisible = 0;
			defaultConfigurationName = Release;
		};
		9306FBB01BFC049400DE7190 /* Build configuration list for PBXNativeTarget "DemoTests" */ = {
			isa = XCConfigurationList;
			buildConfigurations = (
				9306FBB11BFC049400DE7190 /* Debug */,
				9306FBB21BFC049400DE7190 /* Release */,
			);
			defaultConfigurationIsVisible = 0;
			defaultConfigurationName = Release;
		};
/* End XCConfigurationList section */
	};
	rootObject = 9306FB881BFC049400DE7190 /* Project object */;
}
